
Microsoft Visual Studio Solution File, Format Version 12.00
# Visual Studio Version 17
VisualStudioVersion = 17.2.32519.379
MinimumVisualStudioVersion = 10.0.40219.1
Project("{FAE04EC0-301F-11D3-BF4B-00C04F79EFBC}") = "Página_Web_Plat_Dev", "Página_Web_Plat_Dev\Página_Web_Plat_Dev.csproj", "{209D1F11-F500-4815-92AA-3775E4EB78BA}"
EndProject
Global
	GlobalSection(SolutionConfigurationPlatforms) = preSolution
		Debug|Any CPU = Debug|Any CPU
		Release|Any CPU = Release|Any CPU
	EndGlobalSection
	GlobalSection(ProjectConfigurationPlatforms) = postSolution
		{209D1F11-F500-4815-92AA-3775E4EB78BA}.Debug|Any CPU.ActiveCfg = Debug|Any CPU
		{209D1F11-F500-4815-92AA-3775E4EB78BA}.Debug|Any CPU.Build.0 = Debug|Any CPU
		{209D1F11-F500-4815-92AA-3775E4EB78BA}.Release|Any CPU.ActiveCfg = Release|Any CPU
		{209D1F11-F500-4815-92AA-3775E4EB78BA}.Release|Any CPU.Build.0 = Release|Any CPU
	EndGlobalSection
	GlobalSection(SolutionProperties) = preSolution
		HideSolutionNode = FALSE
	EndGlobalSection
	GlobalSection(ExtensibilityGlobals) = postSolution
		SolutionGuid = {BEFC6EA8-0FD1-4435-A818-1892D57B60F2}
	EndGlobalSection
EndGlobal
